
Microsoft Visual Studio Solution File, Format Version 12.00
# Visual Studio Version 17
VisualStudioVersion = 17.13.35806.99 d17.13
MinimumVisualStudioVersion = 10.0.40219.1
Project("{FAE04EC0-301F-11D3-BF4B-00C04F79EFBC}") = "Madiff.CardActionChecker", "Madiff.CardActionChecker\Madiff.CardActionChecker.csproj", "{929EA132-491E-452B-AE19-9FC1001EE6FC}"
EndProject
Project("{FAE04EC0-301F-11D3-BF4B-00C04F79EFBC}") = "Madiff.CardActionCheckerTests", "Madiff.CardActionCheckerTests\Madiff.CardActionCheckerTests.csproj", "{862B1C0C-1A75-477D-B774-2DE17FA181A2}"
EndProject
Global
	GlobalSection(SolutionConfigurationPlatforms) = preSolution
		Debug|Any CPU = Debug|Any CPU
		Release|Any CPU = Release|Any CPU
	EndGlobalSection
	GlobalSection(ProjectConfigurationPlatforms) = postSolution
		{929EA132-491E-452B-AE19-9FC1001EE6FC}.Debug|Any CPU.ActiveCfg = Debug|Any CPU
		{929EA132-491E-452B-AE19-9FC1001EE6FC}.Debug|Any CPU.Build.0 = Debug|Any CPU
		{929EA132-491E-452B-AE19-9FC1001EE6FC}.Release|Any CPU.ActiveCfg = Release|Any CPU
		{929EA132-491E-452B-AE19-9FC1001EE6FC}.Release|Any CPU.Build.0 = Release|Any CPU
		{862B1C0C-1A75-477D-B774-2DE17FA181A2}.Debug|Any CPU.ActiveCfg = Debug|Any CPU
		{862B1C0C-1A75-477D-B774-2DE17FA181A2}.Debug|Any CPU.Build.0 = Debug|Any CPU
		{862B1C0C-1A75-477D-B774-2DE17FA181A2}.Release|Any CPU.ActiveCfg = Release|Any CPU
		{862B1C0C-1A75-477D-B774-2DE17FA181A2}.Release|Any CPU.Build.0 = Release|Any CPU
	EndGlobalSection
	GlobalSection(SolutionProperties) = preSolution
		HideSolutionNode = FALSE
	EndGlobalSection
	GlobalSection(ExtensibilityGlobals) = postSolution
		SolutionGuid = {13B6A78B-FBFB-4D8C-A357-F9F651CDA962}
	EndGlobalSection
EndGlobal
